PODS:
  - Sparkle (1.19.0)
  - SpotifyKit (0.0.4)

DEPENDENCIES:
  - Sparkle
  - SpotifyKit (from `https://github.com/xzzz9097/SpotifyKit.git`)

SPEC REPOS:
  https://github.com/CocoaPods/Specs.git:
    - Sparkle

EXTERNAL SOURCES:
  SpotifyKit:
    :git: https://github.com/xzzz9097/SpotifyKit.git

CHECKOUT OPTIONS:
  SpotifyKit:
    :commit: f223e432c544189a5a43527ed0b5e4c832032d75
    :git: https://github.com/xzzz9097/SpotifyKit.git

SPEC CHECKSUMS:
  Sparkle: 8486d2493599665e466b5076e72b28849776e32f
  SpotifyKit: 2c4aeac581823275b46169ba829b49e532979f6c

PODFILE CHECKSUM: febe3668f41452211c7f8604b8f00b1b2b7ee6de

COCOAPODS: 1.5.0
